// !$*UTF8*$!
{
	archiveVersion = 1;
	classes = {
	};
	objectVersion = 46;
	objects = {

/* Begin PBXBuildFile section */
		3D3FB40B1DB9BDEA00C5F4F1 /* main.m in Sources */ = {isa = PBXBuildFile; fileRef = 3D3FB40A1DB9BDEA00C5F4F1 /* main.m */; };
		3D3FB40E1DB9BDEA00C5F4F1 /* AppDelegate.m in Sources */ = {isa = PBXBuildFile; fileRef = 3D3FB40D1DB9BDEA00C5F4F1 /* AppDelegate.m */; };
		3D3FB4111DB9BDEA00C5F4F1 /* ViewController.m in Sources */ = {isa = PBXBuildFile; fileRef = 3D3FB4101DB9BDEA00C5F4F1 /* ViewController.m */; };
		3D3FB4161DB9BDEA00C5F4F1 /* Assets.xcassets in Resources */ = {isa = PBXBuildFile; fileRef = 3D3FB4151DB9BDEA00C5F4F1 /* Assets.xcassets */; };
		3D3FB4191DB9BDEA00C5F4F1 /* LaunchScreen.storyboard in Resources */ = {isa = PBXBuildFile; fileRef = 3D3FB4171DB9BDEA00C5F4F1 /* LaunchScreen.storyboard */; };
		C2F3B4110F8AEEF5C134A929 /* libPods-YMPayHandlerDemo.a in Frameworks */ = {isa = PBXBuildFile; fileRef = 7C443480E037DCB10AB9B36B /* libPods-YMPayHandlerDemo.a */; };
/* End PBXBuildFile section */

/* Begin PBXFileReference section */
		3D3FB4061DB9BDEA00C5F4F1 /* YMPayHandlerDemo.app */ = {isa = PBXFileReference; explicitFileType = wrapper.application; includeInIndex = 0; path = YMPayHandlerDemo.app; sourceTree = BUILT_PRODUCTS_DIR; };
		3D3FB40A1DB9BDEA00C5F4F1 /* main.m */ = {isa = PBXFileReference; lastKnownFileType = sourcecode.c.objc; path = main.m; sourceTree = "<group>"; };
		3D3FB40C1DB9BDEA00C5F4F1 /* AppDelegate.h */ = {isa = PBXFileReference; lastKnownFileType = sourcecode.c.h; path = AppDelegate.h; sourceTree = "<group>"; };
		3D3FB40D1DB9BDEA00C5F4F1 /* AppDelegate.m */ = {isa = PBXFileReference; lastKnownFileType = sourcecode.c.objc; path = AppDelegate.m; sourceTree = "<group>"; };
		3D3FB40F1DB9BDEA00C5F4F1 /* ViewController.h */ = {isa = PBXFileReference; lastKnownFileType = sourcecode.c.h; path = ViewController.h; sourceTree = "<group>"; };
		3D3FB4101DB9BDEA00C5F4F1 /* ViewController.m */ = {isa = PBXFileReference; lastKnownFileType = sourcecode.c.objc; path = ViewController.m; sourceTree = "<group>"; };
		3D3FB4151DB9BDEA00C5F4F1 /* Assets.xcassets */ = {isa = PBXFileReference; lastKnownFileType = folder.assetcatalog; path = Assets.xcassets; sourceTree = "<group>"; };
		3D3FB4181DB9BDEA00C5F4F1 /* Base */ = {isa = PBXFileReference; lastKnownFileType = file.storyboard; name = Base; path = Base.lproj/LaunchScreen.storyboard; sourceTree = "<group>"; };
		3D3FB41A1DB9BDEA00C5F4F1 /* Info.plist */ = {isa = PBXFileReference; lastKnownFileType = text.plist.xml; path = Info.plist; sourceTree = "<group>"; };
		6DACA975DB3A3098FDF51C94 /* Pods-YMPayHandlerDemo.release.xcconfig */ = {isa = PBXFileReference; includeInIndex = 1; lastKnownFileType = text.xcconfig; name = "Pods-YMPayHandlerDemo.release.xcconfig"; path = "Pods/Target Support Files/Pods-YMPayHandlerDemo/Pods-YMPayHandlerDemo.release.xcconfig"; sourceTree = "<group>"; };
		7C443480E037DCB10AB9B36B /* libPods-YMPayHandlerDemo.a */ = {isa = PBXFileReference; explicitFileType = archive.ar; includeInIndex = 0; path = "libPods-YMPayHandlerDemo.a"; sourceTree = BUILT_PRODUCTS_DIR; };
		DD695F24D0ED1D26FE9A96B4 /* Pods-YMPayHandlerDemo.debug.xcconfig */ = {isa = PBXFileReference; includeInIndex = 1; lastKnownFileType = text.xcconfig; name = "Pods-YMPayHandlerDemo.debug.xcconfig"; path = "Pods/Target Support Files/Pods-YMPayHandlerDemo/Pods-YMPayHandlerDemo.debug.xcconfig"; sourceTree = "<group>"; };
/* End PBXFileReference section */

/* Begin PBXFrameworksBuildPhase section */
		3D3FB4031DB9BDEA00C5F4F1 /* Frameworks */ = {
			isa = PBXFrameworksBuildPhase;
			buildActionMask = 2147483647;
			files = (
				C2F3B4110F8AEEF5C134A929 /* libPods-YMPayHandlerDemo.a in Frameworks */,
			);
			runOnlyForDeploymentPostprocessing = 0;
		};
/* End PBXFrameworksBuildPhase section */

/* Begin PBXGroup section */
		23DF61537E47B77134C5D224 /* Frameworks */ = {
			isa = PBXGroup;
			children = (
				7C443480E037DCB10AB9B36B /* libPods-YMPayHandlerDemo.a */,
			);
			name = Frameworks;
			sourceTree = "<group>";
		};
		375566D5E5805CC448DF4572 /* Pods */ = {
			isa = PBXGroup;
			children = (
				DD695F24D0ED1D26FE9A96B4 /* Pods-YMPayHandlerDemo.debug.xcconfig */,
				6DACA975DB3A3098FDF51C94 /* Pods-YMPayHandlerDemo.release.xcconfig */,
			);
			name = Pods;
			sourceTree = "<group>";
		};
		3D3FB3FD1DB9BDE900C5F4F1 = {
			isa = PBXGroup;
			children = (
				3D3FB4081DB9BDEA00C5F4F1 /* YMPayHandlerDemo */,
				3D3FB4071DB9BDEA00C5F4F1 /* Products */,
				375566D5E5805CC448DF4572 /* Pods */,
				23DF61537E47B77134C5D224 /* Frameworks */,
			);
			sourceTree = "<group>";
		};
		3D3FB4071DB9BDEA00C5F4F1 /* Products */ = {
			isa = PBXGroup;
			children = (
				3D3FB4061DB9BDEA00C5F4F1 /* YMPayHandlerDemo.app */,
			);
			name = Products;
			sourceTree = "<group>";
		};
		3D3FB4081DB9BDEA00C5F4F1 /* YMPayHandlerDemo */ = {
			isa = PBXGroup;
			children = (
				3D3FB40C1DB9BDEA00C5F4F1 /* AppDelegate.h */,
				3D3FB40D1DB9BDEA00C5F4F1 /* AppDelegate.m */,
				3D3FB40F1DB9BDEA00C5F4F1 /* ViewController.h */,
				3D3FB4101DB9BDEA00C5F4F1 /* ViewController.m */,
				3D3FB4151DB9BDEA00C5F4F1 /* Assets.xcassets */,
				3D3FB4171DB9BDEA00C5F4F1 /* LaunchScreen.storyboard */,
				3D3FB41A1DB9BDEA00C5F4F1 /* Info.plist */,
				3D3FB4091DB9BDEA00C5F4F1 /* Supporting Files */,
			);
			path = YMPayHandlerDemo;
			sourceTree = "<group>";
		};
		3D3FB4091DB9BDEA00C5F4F1 /* Supporting Files */ = {
			isa = PBXGroup;
			children = (
				3D3FB40A1DB9BDEA00C5F4F1 /* main.m */,
			);
			name = "Supporting Files";
			sourceTree = "<group>";
		};
/* End PBXGroup section */

/* Begin PBXNativeTarget section */
		3D3FB4051DB9BDEA00C5F4F1 /* YMPayHandlerDemo */ = {
			isa = PBXNativeTarget;
			buildConfigurationList = 3D3FB41D1DB9BDEA00C5F4F1 /* Build configuration list for PBXNativeTarget "YMPayHandlerDemo" */;
			buildPhases = (
				F60F0879C31B5A42FB957FA8 /* [CP] Check Pods Manifest.lock */,
				3D3FB4021DB9BDEA00C5F4F1 /* Sources */,
				3D3FB4031DB9BDEA00C5F4F1 /* Frameworks */,
				3D3FB4041DB9BDEA00C5F4F1 /* Resources */,
				CB18053C28FE4DE79A1F4B9A /* [CP] Embed Pods Frameworks */,
				001B793199511614C4465C12 /* [CP] Copy Pods Resources */,
			);
			buildRules = (
			);
			dependencies = (
			);
			name = YMPayHandlerDemo;
			productName = YMPayHandlerDemo;
			productReference = 3D3FB4061DB9BDEA00C5F4F1 /* YMPayHandlerDemo.app */;
			productType = "com.apple.product-type.application";
		};
/* End PBXNativeTarget section */

/* Begin PBXProject section */
		3D3FB3FE1DB9BDE900C5F4F1 /* Project object */ = {
			isa = PBXProject;
			attributes = {
				LastUpgradeCheck = 0800;
				ORGANIZATIONNAME = "张锐";
				TargetAttributes = {
					3D3FB4051DB9BDEA00C5F4F1 = {
						CreatedOnToolsVersion = 8.0;
						ProvisioningStyle = Automatic;
					};
				};
			};
			buildConfigurationList = 3D3FB4011DB9BDE900C5F4F1 /* Build configuration list for PBXProject "YMPayHandlerDemo" */;
			compatibilityVersion = "Xcode 3.2";
			developmentRegion = English;
			hasScannedForEncodings = 0;
			knownRegions = (
				en,
				Base,
			);
			mainGroup = 3D3FB3FD1DB9BDE900C5F4F1;
			productRefGroup = 3D3FB4071DB9BDEA00C5F4F1 /* Products */;
			projectDirPath = "";
			projectRoot = "";
			targets = (
				3D3FB4051DB9BDEA00C5F4F1 /* YMPayHandlerDemo */,
			);
		};
/* End PBXProject section */

/* Begin PBXResourcesBuildPhase section */
		3D3FB4041DB9BDEA00C5F4F1 /* Resources */ = {
			isa = PBXResourcesBuildPhase;
			buildActionMask = 2147483647;
			files = (
				3D3FB4191DB9BDEA00C5F4F1 /* LaunchScreen.storyboard in Resources */,
				3D3FB4161DB9BDEA00C5F4F1 /* Assets.xcassets in Resources */,
			);
			runOnlyForDeploymentPostprocessing = 0;
		};
/* End PBXResourcesBuildPhase section */

/* Begin PBXShellScriptBuildPhase section */
		001B793199511614C4465C12 /* [CP] Copy Pods Resources */ = {
			isa = PBXShellScriptBuildPhase;
			buildActionMask = 2147483647;
			files = (
			);
			inputPaths = (
			);
			name = "[CP] Copy Pods Resources";
			outputPaths = (
			);
			runOnlyForDeploymentPostprocessing = 0;
			shellPath = /bin/sh;
			shellScript = "\"${SRCROOT}/Pods/Target Support Files/Pods-YMPayHandlerDemo/Pods-YMPayHandlerDemo-resources.sh\"\n";
			showEnvVarsInLog = 0;
		};
		CB18053C28FE4DE79A1F4B9A /* [CP] Embed Pods Frameworks */ = {
			isa = PBXShellScriptBuildPhase;
			buildActionMask = 2147483647;
			files = (
			);
			inputPaths = (
			);
			name = "[CP] Embed Pods Frameworks";
			outputPaths = (
			);
			runOnlyForDeploymentPostprocessing = 0;
			shellPath = /bin/sh;
			shellScript = "\"${SRCROOT}/Pods/Target Support Files/Pods-YMPayHandlerDemo/Pods-YMPayHandlerDemo-frameworks.sh\"\n";
			showEnvVarsInLog = 0;
		};
		F60F0879C31B5A42FB957FA8 /* [CP] Check Pods Manifest.lock */ = {
			isa = PBXShellScriptBuildPhase;
			buildActionMask = 2147483647;
			files = (
			);
			inputPaths = (
			);
			name = "[CP] Check Pods Manifest.lock";
			outputPaths = (
			);
			runOnlyForDeploymentPostprocessing = 0;
			shellPath = /bin/sh;
			shellScript = "diff \"${PODS_ROOT}/../Podfile.lock\" \"${PODS_ROOT}/Manifest.lock\" > /dev/null\nif [[ $? != 0 ]] ; then\n    cat << EOM\nerror: The sandbox is not in sync with the Podfile.lock. Run 'pod install' or update your CocoaPods installation.\nEOM\n    exit 1\nfi\n";
			showEnvVarsInLog = 0;
		};
/* End PBXShellScriptBuildPhase section */

/* Begin PBXSourcesBuildPhase section */
		3D3FB4021DB9BDEA00C5F4F1 /* Sources */ = {
			isa = PBXSourcesBuildPhase;
			buildActionMask = 2147483647;
			files = (
				3D3FB4111DB9BDEA00C5F4F1 /* ViewController.m in Sources */,
				3D3FB40E1DB9BDEA00C5F4F1 /* AppDelegate.m in Sources */,
				3D3FB40B1DB9BDEA00C5F4F1 /* main.m in Sources */,
			);
			runOnlyForDeploymentPostprocessing = 0;
		};
/* End PBXSourcesBuildPhase section */

/* Begin PBXVariantGroup section */
		3D3FB4171DB9BDEA00C5F4F1 /* LaunchScreen.storyboard */ = {
			isa = PBXVariantGroup;
			children = (
				3D3FB4181DB9BDEA00C5F4F1 /* Base */,
			);
			name = LaunchScreen.storyboard;
			sourceTree = "<group>";
		};
/* End PBXVariantGroup section */

/* Begin XCBuildConfiguration section */
		3D3FB41B1DB9BDEA00C5F4F1 /* Debug */ = {
			isa = XCBuildConfiguration;
			buildSettings = {
				ALWAYS_SEARCH_USER_PATHS = NO;
				CLANG_ANALYZER_NONNULL = YES;
				CLANG_CXX_LANGUAGE_STANDARD = "gnu++0x";
				CLANG_CXX_LIBRARY = "libc++";
				CLANG_ENABLE_MODULES = YES;
				CLANG_ENABLE_OBJC_ARC = YES;
				CLANG_WARN_BOOL_CONVERSION = YES;
				CLANG_WARN_CONSTANT_CONVERSION = YES;
				CLANG_WARN_DIRECT_OBJC_ISA_USAGE = YES_ERROR;
				CLANG_WARN_DOCUMENTATION_COMMENTS = YES;
				CLANG_WARN_EMPTY_BODY = YES;
				CLANG_WARN_ENUM_CONVERSION = YES;
				CLANG_WARN_INFINITE_RECURSION = YES;
				CLANG_WARN_INT_CONVERSION = YES;
				CLANG_WARN_OBJC_ROOT_CLASS = YES_ERROR;
				CLANG_WARN_SUSPICIOUS_MOVES = YES;
				CLANG_WARN_UNREACHABLE_CODE = YES;
				CLANG_WARN__DUPLICATE_METHOD_MATCH = YES;
				"CODE_SIGN_IDENTITY[sdk=iphoneos*]" = "iPhone Developer";
				COPY_PHASE_STRIP = NO;
				DEBUG_INFORMATION_FORMAT = dwarf;
				ENABLE_STRICT_OBJC_MSGSEND = YES;
				ENABLE_TESTABILITY = YES;
				GCC_C_LANGUAGE_STANDARD = gnu99;
				GCC_DYNAMIC_NO_PIC = NO;
				GCC_NO_COMMON_BLOCKS = YES;
				GCC_OPTIMIZATION_LEVEL = 0;
				GCC_PREPROCESSOR_DEFINITIONS = (
					"DEBUG=1",
					"$(inherited)",
				);
				GCC_WARN_64_TO_32_BIT_CONVERSION = YES;
				GCC_WARN_ABOUT_RETURN_TYPE = YES_ERROR;
				GCC_WARN_UNDECLARED_SELECTOR = YES;
				GCC_WARN_UNINITIALIZED_AUTOS = YES_AGGRESSIVE;
				GCC_WARN_UNUSED_FUNCTION = YES;
				GCC_WARN_UNUSED_VARIABLE = YES;
				IPHONEOS_DEPLOYMENT_TARGET = 10.0;
				MTL_ENABLE_DEBUG_INFO = YES;
				ONLY_ACTIVE_ARCH = YES;
				SDKROOT = iphoneos;
			};
			name = Debug;
		};
		3D3FB41C1DB9BDEA00C5F4F1 /* Release */ = {
			isa = XCBuildConfiguration;
			buildSettings = {
				ALWAYS_SEARCH_USER_PATHS = NO;
				CLANG_ANALYZER_NONNULL = YES;
				CLANG_CXX_LANGUAGE_STANDARD = "gnu++0x";
				CLANG_CXX_LIBRARY = "libc++";
				CLANG_ENABLE_MODULES = YES;
				CLANG_ENABLE_OBJC_ARC = YES;
				CLANG_WARN_BOOL_CONVERSION = YES;
				CLANG_WARN_CONSTANT_CONVERSION = YES;
				CLANG_WARN_DIRECT_OBJC_ISA_USAGE = YES_ERROR;
				CLANG_WARN_DOCUMENTATION_COMMENTS = YES;
				CLANG_WARN_EMPTY_BODY = YES;
				CLANG_WARN_ENUM_CONVERSION = YES;
				CLANG_WARN_INFINITE_RECURSION = YES;
				CLANG_WARN_INT_CONVERSION = YES;
				CLANG_WARN_OBJC_ROOT_CLASS = YES_ERROR;
				CLANG_WARN_SUSPICIOUS_MOVES = YES;
				CLANG_WARN_UNREACHABLE_CODE = YES;
				CLANG_WARN__DUPLICATE_METHOD_MATCH = YES;
				"CODE_SIGN_IDENTITY[sdk=iphoneos*]" = "iPhone Developer";
				COPY_PHASE_STRIP = NO;
				DEBUG_INFORMATION_FORMAT = "dwarf-with-dsym";
				ENABLE_NS_ASSERTIONS = NO;
				ENABLE_STRICT_OBJC_MSGSEND = YES;
				GCC_C_LANGUAGE_STANDARD = gnu99;
				GCC_NO_COMMON_BLOCKS = YES;
				GCC_WARN_64_TO_32_BIT_CONVERSION = YES;
				GCC_WARN_ABOUT_RETURN_TYPE = YES_ERROR;
				GCC_WARN_UNDECLARED_SELECTOR = YES;
				GCC_WARN_UNINITIALIZED_AUTOS = YES_AGGRESSIVE;
				GCC_WARN_UNUSED_FUNCTION = YES;
				GCC_WARN_UNUSED_VARIABLE = YES;
				IPHONEOS_DEPLOYMENT_TARGET = 10.0;
				MTL_ENABLE_DEBUG_INFO = NO;
				SDKROOT = iphoneos;
				VALIDATE_PRODUCT = YES;
			};
			name = Release;
		};
		3D3FB41E1DB9BDEA00C5F4F1 /* Debug */ = {
			isa = XCBuildConfiguration;
			baseConfigurationReference = DD695F24D0ED1D26FE9A96B4 /* Pods-YMPayHandlerDemo.debug.xcconfig */;
			buildSettings = {
				ASSETCATALOG_COMPILER_APPICON_NAME = AppIcon;
				INFOPLIST_FILE = YMPayHandlerDemo/Info.plist;
				IPHONEOS_DEPLOYMENT_TARGET = 8.0;
				LD_RUNPATH_SEARCH_PATHS = "$(inherited) @executable_path/Frameworks";
				PRODUCT_BUNDLE_IDENTIFIER = zhangr.YMPayHandlerDemo;
				PRODUCT_NAME = "$(TARGET_NAME)";
			};
			name = Debug;
		};
		3D3FB41F1DB9BDEA00C5F4F1 /* Release */ = {
			isa = XCBuildConfiguration;
			baseConfigurationReference = 6DACA975DB3A3098FDF51C94 /* Pods-YMPayHandlerDemo.release.xcconfig */;
			buildSettings = {
				ASSETCATALOG_COMPILER_APPICON_NAME = AppIcon;
				INFOPLIST_FILE = YMPayHandlerDemo/Info.plist;
				IPHONEOS_DEPLOYMENT_TARGET = 8.0;
				LD_RUNPATH_SEARCH_PATHS = "$(inherited) @executable_path/Frameworks";
				PRODUCT_BUNDLE_IDENTIFIER = zhangr.YMPayHandlerDemo;
				PRODUCT_NAME = "$(TARGET_NAME)";
			};
			name = Release;
		};
/* End XCBuildConfiguration section */

/* Begin XCConfigurationList section */
		3D3FB4011DB9BDE900C5F4F1 /* Build configuration list for PBXProject "YMPayHandlerDemo" */ = {
			isa = XCConfigurationList;
			buildConfigurations = (
				3D3FB41B1DB9BDEA00C5F4F1 /* Debug */,
				3D3FB41C1DB9BDEA00C5F4F1 /* Release */,
			);
			defaultConfigurationIsVisible = 0;
			defaultConfigurationName = Release;
		};
		3D3FB41D1DB9BDEA00C5F4F1 /* Build configuration list for PBXNativeTarget "YMPayHandlerDemo" */ = {
			isa = XCConfigurationList;
			buildConfigurations = (
				3D3FB41E1DB9BDEA00C5F4F1 /* Debug */,
				3D3FB41F1DB9BDEA00C5F4F1 /* Release */,
			);
			defaultConfigurationIsVisible = 0;
			defaultConfigurationName = Release;
		};
/* End XCConfigurationList section */
	};
	rootObject = 3D3FB3FE1DB9BDE900C5F4F1 /* Project object */;
}
